
Microsoft Visual Studio Solution File, Format Version 12.00
Project("{FAE04EC0-301F-11D3-BF4B-00C04F79EFBC}") = "Orange-HRM-Playwright", "Orange-HRM-Playwright\Orange-HRM-Playwright.csproj", "{AE0CB0F0-1056-4632-AFC9-D555F6830182}"
EndProject
Global
	GlobalSection(SolutionConfigurationPlatforms) = preSolution
		Debug|Any CPU = Debug|Any CPU
		Release|Any CPU = Release|Any CPU
	EndGlobalSection
	GlobalSection(ProjectConfigurationPlatforms) = postSolution
		{AE0CB0F0-1056-4632-AFC9-D555F6830182}.Debug|Any CPU.ActiveCfg = Debug|Any CPU
		{AE0CB0F0-1056-4632-AFC9-D555F6830182}.Debug|Any CPU.Build.0 = Debug|Any CPU
		{AE0CB0F0-1056-4632-AFC9-D555F6830182}.Release|Any CPU.ActiveCfg = Release|Any CPU
		{AE0CB0F0-1056-4632-AFC9-D555F6830182}.Release|Any CPU.Build.0 = Release|Any CPU
	EndGlobalSection
EndGlobal
